// !$*UTF8*$!
{
	archiveVersion = 1;
	classes = {
	};
	objectVersion = 46;
	objects = {

/* Begin PBXBuildFile section */
		666CA94918A15B6400FDD454 /* Foundation.framework in Frameworks */ = {isa = PBXBuildFile; fileRef = 666CA94818A15B6400FDD454 /* Foundation.framework */; };
		666CA94B18A15B6400FDD454 /* CoreGraphics.framework in Frameworks */ = {isa = PBXBuildFile; fileRef = 666CA94A18A15B6400FDD454 /* CoreGraphics.framework */; };
		666CA94D18A15B6400FDD454 /* UIKit.framework in Frameworks */ = {isa = PBXBuildFile; fileRef = 666CA94C18A15B6400FDD454 /* UIKit.framework */; };
		666CA95318A15B6400FDD454 /* InfoPlist.strings in Resources */ = {isa = PBXBuildFile; fileRef = 666CA95118A15B6400FDD454 /* InfoPlist.strings */; };
		666CA95518A15B6400FDD454 /* main.m in Sources */ = {isa = PBXBuildFile; fileRef = 666CA95418A15B6400FDD454 /* main.m */; };
		666CA95918A15B6400FDD454 /* XYZAppDelegate.m in Sources */ = {isa = PBXBuildFile; fileRef = 666CA95818A15B6400FDD454 /* XYZAppDelegate.m */; };
		666CA95B18A15B6400FDD454 /* Images.xcassets in Resources */ = {isa = PBXBuildFile; fileRef = 666CA95A18A15B6400FDD454 /* Images.xcassets */; };
		666CA96218A15B6500FDD454 /* XCTest.framework in Frameworks */ = {isa = PBXBuildFile; fileRef = 666CA96118A15B6500FDD454 /* XCTest.framework */; };
		666CA96318A15B6500FDD454 /* Foundation.framework in Frameworks */ = {isa = PBXBuildFile; fileRef = 666CA94818A15B6400FDD454 /* Foundation.framework */; };
		666CA96418A15B6500FDD454 /* UIKit.framework in Frameworks */ = {isa = PBXBuildFile; fileRef = 666CA94C18A15B6400FDD454 /* UIKit.framework */; };
		666CA96C18A15B6500FDD454 /* InfoPlist.strings in Resources */ = {isa = PBXBuildFile; fileRef = 666CA96A18A15B6500FDD454 /* InfoPlist.strings */; };
		666CA96E18A15B6500FDD454 /* ToDoListTests.m in Sources */ = {isa = PBXBuildFile; fileRef = 666CA96D18A15B6500FDD454 /* ToDoListTests.m */; };
		666CA97818A15C9200FDD454 /* Main.storyboard in Resources */ = {isa = PBXBuildFile; fileRef = 666CA97718A15C9200FDD454 /* Main.storyboard */; };
		666CA97B18A168B900FDD454 /* XYZAddToDoItemViewController.m in Sources */ = {isa = PBXBuildFile; fileRef = 666CA97A18A168B900FDD454 /* XYZAddToDoItemViewController.m */; };
		666CA97E18A16AC800FDD454 /* XYZToDoListItemViewController.m in Sources */ = {isa = PBXBuildFile; fileRef = 666CA97D18A16AC800FDD454 /* XYZToDoListItemViewController.m */; };
/* End PBXBuildFile section */

/* Begin PBXContainerItemProxy section */
		666CA96518A15B6500FDD454 /* PBXContainerItemProxy */ = {
			isa = PBXContainerItemProxy;
			containerPortal = 666CA93D18A15B6400FDD454 /* Project object */;
			proxyType = 1;
			remoteGlobalIDString = 666CA94418A15B6400FDD454;
			remoteInfo = ToDoList;
		};
/* End PBXContainerItemProxy section */

/* Begin PBXFileReference section */
		666CA94518A15B6400FDD454 /* ToDoList.app */ = {isa = PBXFileReference; explicitFileType = wrapper.application; includeInIndex = 0; path = ToDoList.app; sourceTree = BUILT_PRODUCTS_DIR; };
		666CA94818A15B6400FDD454 /* Foundation.framework */ = {isa = PBXFileReference; lastKnownFileType = wrapper.framework; name = Foundation.framework; path = System/Library/Frameworks/Foundation.framework; sourceTree = SDKROOT; };
		666CA94A18A15B6400FDD454 /* CoreGraphics.framework */ = {isa = PBXFileReference; lastKnownFileType = wrapper.framework; name = CoreGraphics.framework; path = System/Library/Frameworks/CoreGraphics.framework; sourceTree = SDKROOT; };
		666CA94C18A15B6400FDD454 /* UIKit.framework */ = {isa = PBXFileReference; lastKnownFileType = wrapper.framework; name = UIKit.framework; path = System/Library/Frameworks/UIKit.framework; sourceTree = SDKROOT; };
		666CA95018A15B6400FDD454 /* ToDoList-Info.plist */ = {isa = PBXFileReference; lastKnownFileType = text.plist.xml; path = "ToDoList-Info.plist"; sourceTree = "<group>"; };
		666CA95218A15B6400FDD454 /* en */ = {isa = PBXFileReference; lastKnownFileType = text.plist.strings; name = en; path = en.lproj/InfoPlist.strings; sourceTree = "<group>"; };
		666CA95418A15B6400FDD454 /* main.m */ = {isa = PBXFileReference; lastKnownFileType = sourcecode.c.objc; path = main.m; sourceTree = "<group>"; };
		666CA95618A15B6400FDD454 /* ToDoList-Prefix.pch */ = {isa = PBXFileReference; lastKnownFileType = sourcecode.c.h; path = "ToDoList-Prefix.pch"; sourceTree = "<group>"; };
		666CA95718A15B6400FDD454 /* XYZAppDelegate.h */ = {isa = PBXFileReference; lastKnownFileType = sourcecode.c.h; path = XYZAppDelegate.h; sourceTree = "<group>"; };
		666CA95818A15B6400FDD454 /* XYZAppDelegate.m */ = {isa = PBXFileReference; lastKnownFileType = sourcecode.c.objc; path = XYZAppDelegate.m; sourceTree = "<group>"; };
		666CA95A18A15B6400FDD454 /* Images.xcassets */ = {isa = PBXFileReference; lastKnownFileType = folder.assetcatalog; path = Images.xcassets; sourceTree = "<group>"; };
		666CA96018A15B6500FDD454 /* ToDoListTests.xctest */ = {isa = PBXFileReference; explicitFileType = wrapper.cfbundle; includeInIndex = 0; path = ToDoListTests.xctest; sourceTree = BUILT_PRODUCTS_DIR; };
		666CA96118A15B6500FDD454 /* XCTest.framework */ = {isa = PBXFileReference; lastKnownFileType = wrapper.framework; name = XCTest.framework; path = Library/Frameworks/XCTest.framework; sourceTree = DEVELOPER_DIR; };
		666CA96918A15B6500FDD454 /* ToDoListTests-Info.plist */ = {isa = PBXFileReference; lastKnownFileType = text.plist.xml; path = "ToDoListTests-Info.plist"; sourceTree = "<group>"; };
		666CA96B18A15B6500FDD454 /* en */ = {isa = PBXFileReference; lastKnownFileType = text.plist.strings; name = en; path = en.lproj/InfoPlist.strings; sourceTree = "<group>"; };
		666CA96D18A15B6500FDD454 /* ToDoListTests.m */ = {isa = PBXFileReference; lastKnownFileType = sourcecode.c.objc; path = ToDoListTests.m; sourceTree = "<group>"; };
		666CA97718A15C9200FDD454 /* Main.storyboard */ = {isa = PBXFileReference; fileEncoding = 4; lastKnownFileType = file.storyboard; path = Main.storyboard; sourceTree = "<group>"; };
		666CA97918A168B900FDD454 /* XYZAddToDoItemViewController.h */ = {isa = PBXFileReference; fileEncoding = 4; lastKnownFileType = sourcecode.c.h; path = XYZAddToDoItemViewController.h; sourceTree = "<group>"; };
		666CA97A18A168B900FDD454 /* XYZAddToDoItemViewController.m */ = {isa = PBXFileReference; fileEncoding = 4; lastKnownFileType = sourcecode.c.objc; path = XYZAddToDoItemViewController.m; sourceTree = "<group>"; };
		666CA97C18A16AC800FDD454 /* XYZToDoListItemViewController.h */ = {isa = PBXFileReference; fileEncoding = 4; lastKnownFileType = sourcecode.c.h; path = XYZToDoListItemViewController.h; sourceTree = "<group>"; };
		666CA97D18A16AC800FDD454 /* XYZToDoListItemViewController.m */ = {isa = PBXFileReference; fileEncoding = 4; lastKnownFileType = sourcecode.c.objc; path = XYZToDoListItemViewController.m; sourceTree = "<group>"; };
/* End PBXFileReference section */

/* Begin PBXFrameworksBuildPhase section */
		666CA94218A15B6400FDD454 /* Frameworks */ = {
			isa = PBXFrameworksBuildPhase;
			buildActionMask = 2147483647;
			files = (
				666CA94B18A15B6400FDD454 /* CoreGraphics.framework in Frameworks */,
				666CA94D18A15B6400FDD454 /* UIKit.framework in Frameworks */,
				666CA94918A15B6400FDD454 /* Foundation.framework in Frameworks */,
			);
			runOnlyForDeploymentPostprocessing = 0;
		};
		666CA95D18A15B6500FDD454 /* Frameworks */ = {
			isa = PBXFrameworksBuildPhase;
			buildActionMask = 2147483647;
			files = (
				666CA96218A15B6500FDD454 /* XCTest.framework in Frameworks */,
				666CA96418A15B6500FDD454 /* UIKit.framework in Frameworks */,
				666CA96318A15B6500FDD454 /* Foundation.framework in Frameworks */,
			);
			runOnlyForDeploymentPostprocessing = 0;
		};
/* End PBXFrameworksBuildPhase section */

/* Begin PBXGroup section */
		666CA93C18A15B6400FDD454 = {
			isa = PBXGroup;
			children = (
				666CA94E18A15B6400FDD454 /* ToDoList */,
				666CA96718A15B6500FDD454 /* ToDoListTests */,
				666CA94718A15B6400FDD454 /* Frameworks */,
				666CA94618A15B6400FDD454 /* Products */,
			);
			sourceTree = "<group>";
		};
		666CA94618A15B6400FDD454 /* Products */ = {
			isa = PBXGroup;
			children = (
				666CA94518A15B6400FDD454 /* ToDoList.app */,
				666CA96018A15B6500FDD454 /* ToDoListTests.xctest */,
			);
			name = Products;
			sourceTree = "<group>";
		};
		666CA94718A15B6400FDD454 /* Frameworks */ = {
			isa = PBXGroup;
			children = (
				666CA94818A15B6400FDD454 /* Foundation.framework */,
				666CA94A18A15B6400FDD454 /* CoreGraphics.framework */,
				666CA94C18A15B6400FDD454 /* UIKit.framework */,
				666CA96118A15B6500FDD454 /* XCTest.framework */,
			);
			name = Frameworks;
			sourceTree = "<group>";
		};
		666CA94E18A15B6400FDD454 /* ToDoList */ = {
			isa = PBXGroup;
			children = (
				666CA95718A15B6400FDD454 /* XYZAppDelegate.h */,
				666CA97718A15C9200FDD454 /* Main.storyboard */,
				666CA97C18A16AC800FDD454 /* XYZToDoListItemViewController.h */,
				666CA97D18A16AC800FDD454 /* XYZToDoListItemViewController.m */,
				666CA97918A168B900FDD454 /* XYZAddToDoItemViewController.h */,
				666CA97A18A168B900FDD454 /* XYZAddToDoItemViewController.m */,
				666CA95818A15B6400FDD454 /* XYZAppDelegate.m */,
				666CA95A18A15B6400FDD454 /* Images.xcassets */,
				666CA94F18A15B6400FDD454 /* Supporting Files */,
			);
			path = ToDoList;
			sourceTree = "<group>";
		};
		666CA94F18A15B6400FDD454 /* Supporting Files */ = {
			isa = PBXGroup;
			children = (
				666CA95018A15B6400FDD454 /* ToDoList-Info.plist */,
				666CA95118A15B6400FDD454 /* InfoPlist.strings */,
				666CA95418A15B6400FDD454 /* main.m */,
				666CA95618A15B6400FDD454 /* ToDoList-Prefix.pch */,
			);
			name = "Supporting Files";
			sourceTree = "<group>";
		};
		666CA96718A15B6500FDD454 /* ToDoListTests */ = {
			isa = PBXGroup;
			children = (
				666CA96D18A15B6500FDD454 /* ToDoListTests.m */,
				666CA96818A15B6500FDD454 /* Supporting Files */,
			);
			path = ToDoListTests;
			sourceTree = "<group>";
		};
		666CA96818A15B6500FDD454 /* Supporting Files */ = {
			isa = PBXGroup;
			children = (
				666CA96918A15B6500FDD454 /* ToDoListTests-Info.plist */,
				666CA96A18A15B6500FDD454 /* InfoPlist.strings */,
			);
			name = "Supporting Files";
			sourceTree = "<group>";
		};
/* End PBXGroup section */

/* Begin PBXNativeTarget section */
		666CA94418A15B6400FDD454 /* ToDoList */ = {
			isa = PBXNativeTarget;
			buildConfigurationList = 666CA97118A15B6500FDD454 /* Build configuration list for PBXNativeTarget "ToDoList" */;
			buildPhases = (
				666CA94118A15B6400FDD454 /* Sources */,
				666CA94218A15B6400FDD454 /* Frameworks */,
				666CA94318A15B6400FDD454 /* Resources */,
			);
			buildRules = (
			);
			dependencies = (
			);
			name = ToDoList;
			productName = ToDoList;
			productReference = 666CA94518A15B6400FDD454 /* ToDoList.app */;
			productType = "com.apple.product-type.application";
		};
		666CA95F18A15B6500FDD454 /* ToDoListTests */ = {
			isa = PBXNativeTarget;
			buildConfigurationList = 666CA97418A15B6500FDD454 /* Build configuration list for PBXNativeTarget "ToDoListTests" */;
			buildPhases = (
				666CA95C18A15B6500FDD454 /* Sources */,
				666CA95D18A15B6500FDD454 /* Frameworks */,
				666CA95E18A15B6500FDD454 /* Resources */,
			);
			buildRules = (
			);
			dependencies = (
				666CA96618A15B6500FDD454 /* PBXTargetDependency */,
			);
			name = ToDoListTests;
			productName = ToDoListTests;
			productReference = 666CA96018A15B6500FDD454 /* ToDoListTests.xctest */;
			productType = "com.apple.product-type.bundle.unit-test";
		};
/* End PBXNativeTarget section */

/* Begin PBXProject section */
		666CA93D18A15B6400FDD454 /* Project object */ = {
			isa = PBXProject;
			attributes = {
				CLASSPREFIX = XYZ;
				LastUpgradeCheck = 0500;
				TargetAttributes = {
					666CA95F18A15B6500FDD454 = {
						TestTargetID = 666CA94418A15B6400FDD454;
					};
				};
			};
			buildConfigurationList = 666CA94018A15B6400FDD454 /* Build configuration list for PBXProject "ToDoList" */;
			compatibilityVersion = "Xcode 3.2";
			developmentRegion = English;
			hasScannedForEncodings = 0;
			knownRegions = (
				en,
			);
			mainGroup = 666CA93C18A15B6400FDD454;
			productRefGroup = 666CA94618A15B6400FDD454 /* Products */;
			projectDirPath = "";
			projectRoot = "";
			targets = (
				666CA94418A15B6400FDD454 /* ToDoList */,
				666CA95F18A15B6500FDD454 /* ToDoListTests */,
			);
		};
/* End PBXProject section */

/* Begin PBXResourcesBuildPhase section */
		666CA94318A15B6400FDD454 /* Resources */ = {
			isa = PBXResourcesBuildPhase;
			buildActionMask = 2147483647;
			files = (
				666CA97818A15C9200FDD454 /* Main.storyboard in Resources */,
				666CA95318A15B6400FDD454 /* InfoPlist.strings in Resources */,
				666CA95B18A15B6400FDD454 /* Images.xcassets in Resources */,
			);
			runOnlyForDeploymentPostprocessing = 0;
		};
		666CA95E18A15B6500FDD454 /* Resources */ = {
			isa = PBXResourcesBuildPhase;
			buildActionMask = 2147483647;
			files = (
				666CA96C18A15B6500FDD454 /* InfoPlist.strings in Resources */,
			);
			runOnlyForDeploymentPostprocessing = 0;
		};
/* End PBXResourcesBuildPhase section */

/* Begin PBXSourcesBuildPhase section */
		666CA94118A15B6400FDD454 /* Sources */ = {
			isa = PBXSourcesBuildPhase;
			buildActionMask = 2147483647;
			files = (
				666CA95918A15B6400FDD454 /* XYZAppDelegate.m in Sources */,
				666CA97E18A16AC800FDD454 /* XYZToDoListItemViewController.m in Sources */,
				666CA95518A15B6400FDD454 /* main.m in Sources */,
				666CA97B18A168B900FDD454 /* XYZAddToDoItemViewController.m in Sources */,
			);
			runOnlyForDeploymentPostprocessing = 0;
		};
		666CA95C18A15B6500FDD454 /* Sources */ = {
			isa = PBXSourcesBuildPhase;
			buildActionMask = 2147483647;
			files = (
				666CA96E18A15B6500FDD454 /* ToDoListTests.m in Sources */,
			);
			runOnlyForDeploymentPostprocessing = 0;
		};
/* End PBXSourcesBuildPhase section */

/* Begin PBXTargetDependency section */
		666CA96618A15B6500FDD454 /* PBXTargetDependency */ = {
			isa = PBXTargetDependency;
			target = 666CA94418A15B6400FDD454 /* ToDoList */;
			targetProxy = 666CA96518A15B6500FDD454 /* PBXContainerItemProxy */;
		};
/* End PBXTargetDependency section */

/* Begin PBXVariantGroup section */
		666CA95118A15B6400FDD454 /* InfoPlist.strings */ = {
			isa = PBXVariantGroup;
			children = (
				666CA95218A15B6400FDD454 /* en */,
			);
			name = InfoPlist.strings;
			sourceTree = "<group>";
		};
		666CA96A18A15B6500FDD454 /* InfoPlist.strings */ = {
			isa = PBXVariantGroup;
			children = (
				666CA96B18A15B6500FDD454 /* en */,
			);
			name = InfoPlist.strings;
			sourceTree = "<group>";
		};
/* End PBXVariantGroup section */

/* Begin XCBuildConfiguration section */
		666CA96F18A15B6500FDD454 /* Debug */ = {
			isa = XCBuildConfiguration;
			buildSettings = {
				ALWAYS_SEARCH_USER_PATHS = NO;
				ARCHS = "$(ARCHS_STANDARD_INCLUDING_64_BIT)";
				CLANG_CXX_LANGUAGE_STANDARD = "gnu++0x";
				CLANG_CXX_LIBRARY = "libc++";
				CLANG_ENABLE_MODULES = YES;
				CLANG_ENABLE_OBJC_ARC = YES;
				CLANG_WARN_BOOL_CONVERSION = YES;
				CLANG_WARN_CONSTANT_CONVERSION = YES;
				CLANG_WARN_DIRECT_OBJC_ISA_USAGE = YES_ERROR;
				CLANG_WARN_EMPTY_BODY = YES;
				CLANG_WARN_ENUM_CONVERSION = YES;
				CLANG_WARN_INT_CONVERSION = YES;
				CLANG_WARN_OBJC_ROOT_CLASS = YES_ERROR;
				CLANG_WARN__DUPLICATE_METHOD_MATCH = YES;
				"CODE_SIGN_IDENTITY[sdk=iphoneos*]" = "iPhone Developer";
				COPY_PHASE_STRIP = NO;
				GCC_C_LANGUAGE_STANDARD = gnu99;
				GCC_DYNAMIC_NO_PIC = NO;
				GCC_OPTIMIZATION_LEVEL = 0;
				GCC_PREPROCESSOR_DEFINITIONS = (
					"DEBUG=1",
					"$(inherited)",
				);
				GCC_SYMBOLS_PRIVATE_EXTERN = NO;
				GCC_WARN_64_TO_32_BIT_CONVERSION = YES;
				GCC_WARN_ABOUT_RETURN_TYPE = YES_ERROR;
				GCC_WARN_UNDECLARED_SELECTOR = YES;
				GCC_WARN_UNINITIALIZED_AUTOS = YES;
				GCC_WARN_UNUSED_FUNCTION = YES;
				GCC_WARN_UNUSED_VARIABLE = YES;
				IPHONEOS_DEPLOYMENT_TARGET = 7.0;
				ONLY_ACTIVE_ARCH = YES;
				SDKROOT = iphoneos;
			};
			name = Debug;
		};
		666CA97018A15B6500FDD454 /* Release */ = {
			isa = XCBuildConfiguration;
			buildSettings = {
				ALWAYS_SEARCH_USER_PATHS = NO;
				ARCHS = "$(ARCHS_STANDARD_INCLUDING_64_BIT)";
				CLANG_CXX_LANGUAGE_STANDARD = "gnu++0x";
				CLANG_CXX_LIBRARY = "libc++";
				CLANG_ENABLE_MODULES = YES;
				CLANG_ENABLE_OBJC_ARC = YES;
				CLANG_WARN_BOOL_CONVERSION = YES;
				CLANG_WARN_CONSTANT_CONVERSION = YES;
				CLANG_WARN_DIRECT_OBJC_ISA_USAGE = YES_ERROR;
				CLANG_WARN_EMPTY_BODY = YES;
				CLANG_WARN_ENUM_CONVERSION = YES;
				CLANG_WARN_INT_CONVERSION = YES;
				CLANG_WARN_OBJC_ROOT_CLASS = YES_ERROR;
				CLANG_WARN__DUPLICATE_METHOD_MATCH = YES;
				"CODE_SIGN_IDENTITY[sdk=iphoneos*]" = "iPhone Developer";
				COPY_PHASE_STRIP = YES;
				ENABLE_NS_ASSERTIONS = NO;
				GCC_C_LANGUAGE_STANDARD = gnu99;
				GCC_WARN_64_TO_32_BIT_CONVERSION = YES;
				GCC_WARN_ABOUT_RETURN_TYPE = YES_ERROR;
				GCC_WARN_UNDECLARED_SELECTOR = YES;
				GCC_WARN_UNINITIALIZED_AUTOS = YES;
				GCC_WARN_UNUSED_FUNCTION = YES;
				GCC_WARN_UNUSED_VARIABLE = YES;
				IPHONEOS_DEPLOYMENT_TARGET = 7.0;
				SDKROOT = iphoneos;
				VALIDATE_PRODUCT = YES;
			};
			name = Release;
		};
		666CA97218A15B6500FDD454 /* Debug */ = {
			isa = XCBuildConfiguration;
			buildSettings = {
				ASSETCATALOG_COMPILER_APPICON_NAME = AppIcon;
				ASSETCATALOG_COMPILER_LAUNCHIMAGE_NAME = LaunchImage;
				GCC_PRECOMPILE_PREFIX_HEADER = YES;
				GCC_PREFIX_HEADER = "ToDoList/ToDoList-Prefix.pch";
				INFOPLIST_FILE = "ToDoList/ToDoList-Info.plist";
				PRODUCT_NAME = "$(TARGET_NAME)";
				WRAPPER_EXTENSION = app;
			};
			name = Debug;
		};
		666CA97318A15B6500FDD454 /* Release */ = {
			isa = XCBuildConfiguration;
			buildSettings = {
				ASSETCATALOG_COMPILER_APPICON_NAME = AppIcon;
				ASSETCATALOG_COMPILER_LAUNCHIMAGE_NAME = LaunchImage;
				GCC_PRECOMPILE_PREFIX_HEADER = YES;
				GCC_PREFIX_HEADER = "ToDoList/ToDoList-Prefix.pch";
				INFOPLIST_FILE = "ToDoList/ToDoList-Info.plist";
				PRODUCT_NAME = "$(TARGET_NAME)";
				WRAPPER_EXTENSION = app;
			};
			name = Release;
		};
		666CA97518A15B6500FDD454 /* Debug */ = {
			isa = XCBuildConfiguration;
			buildSettings = {
				ARCHS = "$(ARCHS_STANDARD_INCLUDING_64_BIT)";
				BUNDLE_LOADER = "$(BUILT_PRODUCTS_DIR)/ToDoList.app/ToDoList";
				FRAMEWORK_SEARCH_PATHS = (
					"$(SDKROOT)/Developer/Library/Frameworks",
					"$(inherited)",
					"$(DEVELOPER_FRAMEWORKS_DIR)",
				);
				GCC_PRECOMPILE_PREFIX_HEADER = YES;
				GCC_PREFIX_HEADER = "ToDoList/ToDoList-Prefix.pch";
				GCC_PREPROCESSOR_DEFINITIONS = (
					"DEBUG=1",
					"$(inherited)",
				);
				INFOPLIST_FILE = "ToDoListTests/ToDoListTests-Info.plist";
				PRODUCT_NAME = "$(TARGET_NAME)";
				TEST_HOST = "$(BUNDLE_LOADER)";
				WRAPPER_EXTENSION = xctest;
			};
			name = Debug;
		};
		666CA97618A15B6500FDD454 /* Release */ = {
			isa = XCBuildConfiguration;
			buildSettings = {
				ARCHS = "$(ARCHS_STANDARD_INCLUDING_64_BIT)";
				BUNDLE_LOADER = "$(BUILT_PRODUCTS_DIR)/ToDoList.app/ToDoList";
				FRAMEWORK_SEARCH_PATHS = (
					"$(SDKROOT)/Developer/Library/Frameworks",
					"$(inherited)",
					"$(DEVELOPER_FRAMEWORKS_DIR)",
				);
				GCC_PRECOMPILE_PREFIX_HEADER = YES;
				GCC_PREFIX_HEADER = "ToDoList/ToDoList-Prefix.pch";
				INFOPLIST_FILE = "ToDoListTests/ToDoListTests-Info.plist";
				PRODUCT_NAME = "$(TARGET_NAME)";
				TEST_HOST = "$(BUNDLE_LOADER)";
				WRAPPER_EXTENSION = xctest;
			};
			name = Release;
		};
/* End XCBuildConfiguration section */

/* Begin XCConfigurationList section */
		666CA94018A15B6400FDD454 /* Build configuration list for PBXProject "ToDoList" */ = {
			isa = XCConfigurationList;
			buildConfigurations = (
				666CA96F18A15B6500FDD454 /* Debug */,
				666CA97018A15B6500FDD454 /* Release */,
			);
			defaultConfigurationIsVisible = 0;
			defaultConfigurationName = Release;
		};
		666CA97118A15B6500FDD454 /* Build configuration list for PBXNativeTarget "ToDoList" */ = {
			isa = XCConfigurationList;
			buildConfigurations = (
				666CA97218A15B6500FDD454 /* Debug */,
				666CA97318A15B6500FDD454 /* Release */,
			);
			defaultConfigurationIsVisible = 0;
		};
		666CA97418A15B6500FDD454 /* Build configuration list for PBXNativeTarget "ToDoListTests" */ = {
			isa = XCConfigurationList;
			buildConfigurations = (
				666CA97518A15B6500FDD454 /* Debug */,
				666CA97618A15B6500FDD454 /* Release */,
			);
			defaultConfigurationIsVisible = 0;
		};
/* End XCConfigurationList section */
	};
	rootObject = 666CA93D18A15B6400FDD454 /* Project object */;
}
